{
  "nodes": {
    "haxe-master-src": {
      "flake": false,
      "locked": {
        "lastModified": 1718874697,
        "narHash": "sha256-DlOi+H38kSN2YZcxUrY7in3fkH8OYmjdn9xMBIpqVKw=",
        "ref": "refs/heads/development",
        "rev": "5e58a479c1c925bd616890e574bc65bc8b76f773",
        "revCount": 21245,
        "submodules": true,
        "type": "git",
        "url": "https://github.com/HaxeFoundation/haxe"
      },
      "original": {
        "submodules": true,
        "type": "git",
        "url": "https://github.com/HaxeFoundation/haxe"
      }
    },
    "haxe-nightly-src": {
      "flake": false,
      "locked": {
        "lastModified": 1718874697,
        "narHash": "sha256-DlOi+H38kSN2YZcxUrY7in3fkH8OYmjdn9xMBIpqVKw=",
        "ref": "refs/heads/development",
        "rev": "5e58a479c1c925bd616890e574bc65bc8b76f773",
        "revCount": 21245,
        "submodules": true,
        "type": "git",
        "url": "https://github.com/HaxeFoundation/haxe?ref=development"
      },
      "original": {
        "submodules": true,
        "type": "git",
        "url": "https://github.com/HaxeFoundation/haxe?ref=development"
      }
    },
    "kha-src": {
      "flake": false,
      "locked": {
        "lastModified": 1717944723,
        "narHash": "sha256-Jd6JqzCkN0zdylQsB5uJM2P38c2v1bO8SFQW3HMZWfo=",
        "ref": "refs/heads/main",
        "rev": "2ecb14900c52d916856a690ab13a934964e0f80b",
        "revCount": 5313,
        "submodules": true,
        "type": "git",
        "url": "https://github.com/Kode/Kha.git?ref=main"
      },
      "original": {
        "submodules": true,
        "type": "git",
        "url": "https://github.com/Kode/Kha.git?ref=main"
      }
    },
    "khamake-src": {
      "flake": false,
      "locked": {
        "lastModified": 1718558749,
        "narHash": "sha256-vveO0t7vhdwML45hCtej7zPsjJ2C8k5AmCZNOHPROck=",
        "ref": "refs/heads/main",
        "rev": "6f9c81c5be2927c45f5f92f70e6a50a7f8d7d046",
        "revCount": 1056,
        "submodules": true,
        "type": "git",
        "url": "https://github.com/Kode/khamake.git"
      },
      "original": {
        "submodules": true,
        "type": "git",
        "url": "https://github.com/Kode/khamake.git"
      }
    },
    "kode_haxe-src": {
      "flake": false,
      "locked": {
        "lastModified": 1709667376,
        "narHash": "sha256-33ajDx+MkiezdLjG5AmIMpozf7p1aA472TdRyKIO3vw=",
        "ref": "refs/heads/main",
        "rev": "0ff79480373768879a0485294df7440347fb5b30",
        "revCount": 20839,
        "submodules": true,
        "type": "git",
        "url": "https://github.com/Kode/haxe.git"
      },
      "original": {
        "submodules": true,
        "type": "git",
        "url": "https://github.com/Kode/haxe.git"
      }
    },
    "nixpkgs": {
      "locked": {
        "lastModified": 1718895438,
        "narHash": "sha256-k3JqJrkdoYwE3fHE6xGDY676AYmyh4U2Zw+0Bwe5DLU=",
        "owner": "nixos",
        "repo": "nixpkgs",
        "rev": "d603719ec6e294f034936c0d0dc06f689d91b6c3",
        "type": "github"
      },
      "original": {
        "owner": "nixos",
        "ref": "nixos-unstable",
        "repo": "nixpkgs",
        "type": "github"
      }
    },
    "root": {
      "inputs": {
        "haxe-master-src": "haxe-master-src",
        "haxe-nightly-src": "haxe-nightly-src",
        "kha-src": "kha-src",
        "khamake-src": "khamake-src",
        "kode_haxe-src": "kode_haxe-src",
        "nixpkgs": "nixpkgs"
      }
    }
  },
  "root": "root",
  "version": 7
}
