{
  "nodes": {
    "haxe-master-src": {
      "flake": false,
      "locked": {
        "lastModified": 1768748363,
        "narHash": "sha256-hZJQkyyGiqYGk+row8/a0AzxovEYRncBtiv6qTjegP4=",
        "ref": "refs/heads/development",
        "rev": "e4c23690d72de4622fdbbfcc4ca264134dbf5bdf",
        "revCount": 21890,
        "submodules": true,
        "type": "git",
        "url": "https://github.com/HaxeFoundation/haxe"
      },
      "original": {
        "submodules": true,
        "type": "git",
        "url": "https://github.com/HaxeFoundation/haxe"
      }
    },
    "haxe-nightly-src": {
      "flake": false,
      "locked": {
        "lastModified": 1768748363,
        "narHash": "sha256-hZJQkyyGiqYGk+row8/a0AzxovEYRncBtiv6qTjegP4=",
        "ref": "refs/heads/development",
        "rev": "e4c23690d72de4622fdbbfcc4ca264134dbf5bdf",
        "revCount": 21890,
        "submodules": true,
        "type": "git",
        "url": "https://github.com/HaxeFoundation/haxe?ref=development"
      },
      "original": {
        "submodules": true,
        "type": "git",
        "url": "https://github.com/HaxeFoundation/haxe?ref=development"
      }
    },
    "kha-src": {
      "flake": false,
      "locked": {
        "lastModified": 1768384953,
        "narHash": "sha256-dIUFZgpDnaRyO5bzK1ytEJqFvjTiA3oBPbV5qUs6PSw=",
        "ref": "refs/heads/main",
        "rev": "be1ebd9aa7a157def21c9ffe8cf3ce92324e7cfb",
        "revCount": 5386,
        "submodules": true,
        "type": "git",
        "url": "https://github.com/Kode/Kha.git?ref=main"
      },
      "original": {
        "submodules": true,
        "type": "git",
        "url": "https://github.com/Kode/Kha.git?ref=main"
      }
    },
    "khamake-src": {
      "flake": false,
      "locked": {
        "lastModified": 1762255535,
        "narHash": "sha256-E6foMt8HLpL9JFYPzD4OdrbHbJwXOuLj6yHvD4rJYrM=",
        "ref": "refs/heads/main",
        "rev": "13877c30e2c9f4fcb4a969cef76cd558118fd079",
        "revCount": 1082,
        "submodules": true,
        "type": "git",
        "url": "https://github.com/Kode/khamake.git"
      },
      "original": {
        "submodules": true,
        "type": "git",
        "url": "https://github.com/Kode/khamake.git"
      }
    },
    "kode_haxe-src": {
      "flake": false,
      "locked": {
        "lastModified": 1752282052,
        "narHash": "sha256-BF7sd3+qK6bZr023zRxER2wKesSFfVw8JrRbjeJixng=",
        "ref": "refs/heads/main",
        "rev": "5c570138e70022690f0c2d6e6368e574eddc7a95",
        "revCount": 20930,
        "submodules": true,
        "type": "git",
        "url": "https://github.com/Kode/haxe.git"
      },
      "original": {
        "submodules": true,
        "type": "git",
        "url": "https://github.com/Kode/haxe.git"
      }
    },
    "nixpkgs": {
      "locked": {
        "lastModified": 1768564909,
        "narHash": "sha256-Kell/SpJYVkHWMvnhqJz/8DqQg2b6PguxVWOuadbHCc=",
        "owner": "nixos",
        "repo": "nixpkgs",
        "rev": "e4bae1bd10c9c57b2cf517953ab70060a828ee6f",
        "type": "github"
      },
      "original": {
        "owner": "nixos",
        "ref": "nixos-unstable",
        "repo": "nixpkgs",
        "type": "github"
      }
    },
    "root": {
      "inputs": {
        "haxe-master-src": "haxe-master-src",
        "haxe-nightly-src": "haxe-nightly-src",
        "kha-src": "kha-src",
        "khamake-src": "khamake-src",
        "kode_haxe-src": "kode_haxe-src",
        "nixpkgs": "nixpkgs"
      }
    }
  },
  "root": "root",
  "version": 7
}
