{
  "nodes": {
    "haxe-master-src": {
      "flake": false,
      "locked": {
        "lastModified": 1749217365,
        "narHash": "sha256-rVg4RriCZUVrK8YTqmQyjXVgEI8RPoX8dHXwp8bikrE=",
        "ref": "refs/heads/development",
        "rev": "fbbea2c7d3f926099e4915a10784a58eec0265d9",
        "revCount": 21685,
        "submodules": true,
        "type": "git",
        "url": "https://github.com/HaxeFoundation/haxe"
      },
      "original": {
        "submodules": true,
        "type": "git",
        "url": "https://github.com/HaxeFoundation/haxe"
      }
    },
    "haxe-nightly-src": {
      "flake": false,
      "locked": {
        "lastModified": 1749217365,
        "narHash": "sha256-rVg4RriCZUVrK8YTqmQyjXVgEI8RPoX8dHXwp8bikrE=",
        "ref": "refs/heads/development",
        "rev": "fbbea2c7d3f926099e4915a10784a58eec0265d9",
        "revCount": 21685,
        "submodules": true,
        "type": "git",
        "url": "https://github.com/HaxeFoundation/haxe?ref=development"
      },
      "original": {
        "submodules": true,
        "type": "git",
        "url": "https://github.com/HaxeFoundation/haxe?ref=development"
      }
    },
    "kha-src": {
      "flake": false,
      "locked": {
        "lastModified": 1740310126,
        "narHash": "sha256-kLrcHFjdWnBUeR9xx7BU0xu69KLatrXW3Pf2l/mSPFw=",
        "ref": "refs/heads/main",
        "rev": "337419df97cd5189254551f2b33433d9c205ac3b",
        "revCount": 5336,
        "submodules": true,
        "type": "git",
        "url": "https://github.com/Kode/Kha.git?ref=main"
      },
      "original": {
        "submodules": true,
        "type": "git",
        "url": "https://github.com/Kode/Kha.git?ref=main"
      }
    },
    "khamake-src": {
      "flake": false,
      "locked": {
        "lastModified": 1743118415,
        "narHash": "sha256-1sUHuPlz/ZmflAUzbjcGavkTJ+rT9obqxDbmfMD5KsE=",
        "ref": "refs/heads/main",
        "rev": "3f1647013f86e39dd350ed8e9939312452bb2c78",
        "revCount": 1075,
        "submodules": true,
        "type": "git",
        "url": "https://github.com/Kode/khamake.git"
      },
      "original": {
        "submodules": true,
        "type": "git",
        "url": "https://github.com/Kode/khamake.git"
      }
    },
    "kode_haxe-src": {
      "flake": false,
      "locked": {
        "lastModified": 1723146396,
        "narHash": "sha256-i10dUgWde8yx7PNqjUZcuvPCsuJ+e1qyl7bOPlrZCN4=",
        "ref": "refs/heads/main",
        "rev": "81e4eb1772a7904043568726d97a469b564c5f63",
        "revCount": 20877,
        "submodules": true,
        "type": "git",
        "url": "https://github.com/Kode/haxe.git"
      },
      "original": {
        "submodules": true,
        "type": "git",
        "url": "https://github.com/Kode/haxe.git"
      }
    },
    "nixpkgs": {
      "locked": {
        "lastModified": 1749285348,
        "narHash": "sha256-frdhQvPbmDYaScPFiCnfdh3B/Vh81Uuoo0w5TkWmmjU=",
        "owner": "nixos",
        "repo": "nixpkgs",
        "rev": "3e3afe5174c561dee0df6f2c2b2236990146329f",
        "type": "github"
      },
      "original": {
        "owner": "nixos",
        "ref": "nixos-unstable",
        "repo": "nixpkgs",
        "type": "github"
      }
    },
    "root": {
      "inputs": {
        "haxe-master-src": "haxe-master-src",
        "haxe-nightly-src": "haxe-nightly-src",
        "kha-src": "kha-src",
        "khamake-src": "khamake-src",
        "kode_haxe-src": "kode_haxe-src",
        "nixpkgs": "nixpkgs"
      }
    }
  },
  "root": "root",
  "version": 7
}
